
Microsoft Visual Studio Solution File, Format Version 12.00
# Visual Studio Version 17
VisualStudioVersion = 17.6.33829.357
MinimumVisualStudioVersion = 10.0.40219.1
Project("{FAE04EC0-301F-11D3-BF4B-00C04F79EFBC}") = "QR Code Creator", "QR Code Creator\QR Code Creator.csproj", "{07E220EF-1F19-45E2-A7D5-CAE6D2549B70}"
EndProject
Global
	GlobalSection(SolutionConfigurationPlatforms) = preSolution
		Debug|Any CPU = Debug|Any CPU
		Release|Any CPU = Release|Any CPU
	EndGlobalSection
	GlobalSection(ProjectConfigurationPlatforms) = postSolution
		{07E220EF-1F19-45E2-A7D5-CAE6D2549B70}.Debug|Any CPU.ActiveCfg = Debug|Any CPU
		{07E220EF-1F19-45E2-A7D5-CAE6D2549B70}.Debug|Any CPU.Build.0 = Debug|Any CPU
		{07E220EF-1F19-45E2-A7D5-CAE6D2549B70}.Release|Any CPU.ActiveCfg = Release|Any CPU
		{07E220EF-1F19-45E2-A7D5-CAE6D2549B70}.Release|Any CPU.Build.0 = Release|Any CPU
	EndGlobalSection
	GlobalSection(SolutionProperties) = preSolution
		HideSolutionNode = FALSE
	EndGlobalSection
	GlobalSection(ExtensibilityGlobals) = postSolution
		SolutionGuid = {58AAE652-C12D-4C98-8DD2-200ADF2181A2}
	EndGlobalSection
EndGlobal
